<?xml version="1.0" encoding="UTF-8" standalone="yes" ?>
<CodeBlocks_project_file>
	<FileVersion major="1" minor="6" />
	<Project>
		<Option title="Earth 2150" />
		<Option pch_mode="2" />
		<Option compiler="gcc" />
		<Build>
			<Target title="Server - Debug">
				<Option output="bin\Debug\Earth2150-Server" prefix_auto="1" extension_auto="1" />
				<Option object_output="obj\Debug\" />
				<Option type="1" />
				<Option compiler="gcc" />
				<Compiler>
					<Add option="-g" />
				</Compiler>
				<Linker>
					<Add library="ws2_32" />
					<Add library="winmm" />
				</Linker>
			</Target>
			<Target title="Server - Release">
				<Option output="bin\Release\Earth2150-Server" prefix_auto="1" extension_auto="1" />
				<Option object_output="obj\Release\" />
				<Option type="1" />
				<Option compiler="gcc" />
				<Compiler>
					<Add option="-O2" />
					<Add option="-DNDEBUG" />
				</Compiler>
				<Linker>
					<Add option="-s" />
					<Add library="ws2_32" />
					<Add library="winmm" />
				</Linker>
			</Target>
			<Target title="Server - VS - Debug">
				<Option output="bin\Debug\Earth 2150 VS" prefix_auto="1" extension_auto="1" />
				<Option object_output="R:\comp\debug-objs" />
				<Option type="1" />
				<Option compiler="msvc10" />
				<Compiler>
					<Add option="/Zi" />
					<Add option="/D_DEBUG" />
					<Add option="/DWIN32" />
					<Add option="/DNOMINMAX" />
				</Compiler>
				<Linker>
					<Add option="/DEBUG" />
					<Add library="ws2_32" />
					<Add library="winmm" />
				</Linker>
			</Target>
			<Target title="Server - VS - Release">
				<Option output="bin\Release\Earth 2150 VS" prefix_auto="1" extension_auto="1" />
				<Option object_output="R:\comp\release-objs" />
				<Option type="1" />
				<Option compiler="msvc10" />
				<Compiler>
					<Add option="/MT" />
					<Add option="/arch:SSE" />
					<Add option="/GS" />
					<Add option="/Ox" />
					<Add option="/DNDEBUG" />
					<Add option="/DWIN32" />
					<Add option="/DNOMINMAX" />
				</Compiler>
				<Linker>
					<Add library="ws2_32" />
					<Add library="winmm" />
				</Linker>
			</Target>
			<Target title="VS - Debug">
				<Option output="bin\VS - Debug\Earth 2150" prefix_auto="1" extension_auto="1" />
				<Option working_dir="bin\VS - Debug\" />
				<Option object_output="obj\VS - Debug\" />
				<Option type="1" />
				<Option compiler="msvc10" />
				<Compiler>
					<Add option="/MDd" />
					<Add option="/Zi" />
					<Add option="/D_DEBUG" />
					<Add option="/DWIN32" />
					<Add option="/DNOMINMAX" />
				</Compiler>
				<Linker>
					<Add option="/DEBUG" />
					<Add library="msvcrtd.lib" />
					<Add library="msvcprtd.lib" />
					<Add library="ws2_32" />
					<Add library="winmm" />
				</Linker>
			</Target>
			<Target title="Linux - Debug">
				<Option output="bin\Debug\Earth2150-Server" prefix_auto="1" extension_auto="1" />
				<Option object_output="obj\Debug\" />
				<Option type="1" />
				<Option compiler="gcc" />
				<Compiler>
					<Add option="-g" />
				</Compiler>
			</Target>
		</Build>
		<Compiler>
			<Add option="-Weffc++" />
			<Add option="-Wall" />
			<Add option="-fexceptions" />
			<Add directory="include" />
			<Add directory="..\tf\include" />
			<Add directory="..\ff\include" />
		</Compiler>
		<Unit filename="..\ff\include\ff\JumpPointSearch.h" />
		<Unit filename="..\ff\include\ff\MinHeap.h" />
		<Unit filename="..\ff\src\ff\JumpPointSearch.cpp" />
		<Unit filename="..\tf\include\tf\file.h" />
		<Unit filename="..\tf\include\tf\network.h" />
		<Unit filename="..\tf\include\tf\time.h" />
		<Unit filename="..\tf\src\tf\file.cpp" />
		<Unit filename="..\tf\src\tf\network.cpp" />
		<Unit filename="..\tf\src\tf\time.cpp" />
		<Unit filename="include\e2150\AStar.h" />
		<Unit filename="include\e2150\AStarNode.h" />
		<Unit filename="include\e2150\AStarNodeComparator.h" />
		<Unit filename="include\e2150\Building.h" />
		<Unit filename="include\e2150\Entity.h" />
		<Unit filename="include\e2150\Faction.h" />
		<Unit filename="include\e2150\HumanPlayer.h" />
		<Unit filename="include\e2150\JPSNavigator.h" />
		<Unit filename="include\e2150\Map.h" />
		<Unit filename="include\e2150\MapBitLayer.h" />
		<Unit filename="include\e2150\MapPosition.h" />
		<Unit filename="include\e2150\MapViewerManager.h" />
		<Unit filename="include\e2150\MovingUnit.h" />
		<Unit filename="include\e2150\Navigator.h" />
		<Unit filename="include\e2150\Player.h" />
		<Unit filename="include\e2150\PlayerNetworkConnection.h" />
		<Unit filename="include\e2150\PlayerViewArea.h" />
		<Unit filename="include\e2150\SendBuffer.h" />
		<Unit filename="include\e2150\TestServer.h" />
		<Unit filename="include\e2150\Unit.h" />
		<Unit filename="include\e2150\UnitChassis.h" />
		<Unit filename="include\e2150\Utils.h" />
		<Unit filename="include\e2150\main.h" />
		<Unit filename="src\e2150\AStar.cpp" />
		<Unit filename="src\e2150\AStarNode.cpp" />
		<Unit filename="src\e2150\Entity.cpp" />
		<Unit filename="src\e2150\Faction.cpp" />
		<Unit filename="src\e2150\HumanPlayer.cpp" />
		<Unit filename="src\e2150\JPSNavigator.cpp" />
		<Unit filename="src\e2150\Map.cpp" />
		<Unit filename="src\e2150\MapBitLayer.cpp" />
		<Unit filename="src\e2150\MapViewerManager.cpp" />
		<Unit filename="src\e2150\MovingUnit.cpp" />
		<Unit filename="src\e2150\Player.cpp" />
		<Unit filename="src\e2150\PlayerNetworkConnection.cpp" />
		<Unit filename="src\e2150\PlayerViewArea.cpp" />
		<Unit filename="src\e2150\SendBuffer.cpp" />
		<Unit filename="src\e2150\TestServer.cpp" />
		<Unit filename="src\e2150\Unit.cpp" />
		<Unit filename="src\e2150\UnitChassis.cpp" />
		<Unit filename="src\e2150\main.cpp" />
		<Extensions>
			<code_completion />
			<envvars />
			<debugger />
			<lib_finder disable_auto="1" />
			<DoxyBlocks>
				<comment_style block="0" line="0" />
				<doxyfile_project />
				<doxyfile_build />
				<doxyfile_warnings />
				<doxyfile_output />
				<doxyfile_dot />
				<general />
			</DoxyBlocks>
			<editor_config active="1" use_tabs="1" tab_indents="1" tab_width="4" indent="4" eol_mode="0" />
		</Extensions>
	</Project>
</CodeBlocks_project_file>
